PODS:
  - FaceAuth (1.9.0):
    - FaceLiveness (= 1.4.0)
  - FaceLiveness (1.4.0):
    - iProov (= 10.3.0)
  - iProov (10.3.0):
    - Starscream (~> 4.0)
  - Starscream (4.0.4)

DEPENDENCIES:
  - FaceAuth (~> 1.9.0)
  - FaceLiveness (~> 1.4.0)

SPEC REPOS:
  https://github.com/combateafraude/iOS:
    - FaceAuth
    - FaceLiveness
  trunk:
    - iProov
    - Starscream

SPEC CHECKSUMS:
  FaceAuth: dc268453c083916d5f27adba2bacf62991aa228a
  FaceLiveness: 41825efeea76b96055a86fe0f861964ac2074b6f
  iProov: 4f50623887ec2be48f841b157c94ba85099a9d1d
  Starscream: 1584f7c3299c3772887a2e75d4c14e97266f55e4

PODFILE CHECKSUM: fa539928f27192d43b664f2efddb5ae7fd3c1c46

COCOAPODS: 1.12.1
