PODS:
  - FaceAuthenticatorIproov (1.1.0):
    - FaceLivenessIproov (= 1.3.0)
  - FaceLivenessIproov (1.3.0):
    - iProov (= 10.3.0)
  - iProov (10.3.0):
    - Starscream (~> 4.0)
  - Starscream (4.0.4)

DEPENDENCIES:
  - FaceAuthenticatorIproov (~> 1.1.0)
  - FaceLivenessIproov (~> 1.3.0)

SPEC REPOS:
  https://github.com/combateafraude/iOS:
    - FaceAuthenticatorIproov
    - FaceLivenessIproov
  trunk:
    - iProov
    - Starscream

SPEC CHECKSUMS:
  FaceAuthenticatorIproov: e3dd309d5192de049117c8ada96a4d38ce11fc54
  FaceLivenessIproov: 2f3742da45a629809a13c2f1f9b0019520f1aebc
  iProov: 4f50623887ec2be48f841b157c94ba85099a9d1d
  Starscream: 5178aed56b316f13fa3bc55694e583d35dd414d9

PODFILE CHECKSUM: 5c051d9b6c68ffe7ed856afafb74f805be85d7c2

COCOAPODS: 1.12.1
